
Microsoft Visual Studio Solution File, Format Version 12.00
# Visual Studio Version 17
VisualStudioVersion = 17.4.33403.182
MinimumVisualStudioVersion = 10.0.40219.1
Project("{9A19103F-16F7-4668-BE54-9A1E7A4F7556}") = "Aspen.Example.Web", "Aspen.Example.Web\Aspen.Example.Web.csproj", "{0405E4FE-BF58-4D65-9FB1-61AC8447A731}"
EndProject
Project("{9A19103F-16F7-4668-BE54-9A1E7A4F7556}") = "Aspen.Example.Entities", "Aspen.Example.Entities\Aspen.Example.Entities.csproj", "{C5FF073E-545B-4B94-8B1B-59EE0531EA3E}"
EndProject
Project("{FAE04EC0-301F-11D3-BF4B-00C04F79EFBC}") = "Aspen.Example.DataAccess", "Aspen.Example.DataAccess\Aspen.Example.DataAccess.csproj", "{18C379BF-1C6B-44C0-ACDF-691234CF13EC}"
EndProject
Project("{FAE04EC0-301F-11D3-BF4B-00C04F79EFBC}") = "Aspen.Example.DataAccess.Interfaces", "Aspen.Example.DataAccess.Interfaces\Aspen.Example.DataAccess.Interfaces.csproj", "{D869459D-5041-4984-9D5D-BDB92D0E6A98}"
EndProject
Project("{FAE04EC0-301F-11D3-BF4B-00C04F79EFBC}") = "Aspen.Example.DataAccess.Test", "Aspen.Example.DataAccess.Test\Aspen.Example.DataAccess.Test.csproj", "{BC9F7313-8777-4986-88AD-F4B8486BEF46}"
EndProject
Global
	GlobalSection(SolutionConfigurationPlatforms) = preSolution
		Debug|Any CPU = Debug|Any CPU
		Release|Any CPU = Release|Any CPU
	EndGlobalSection
	GlobalSection(ProjectConfigurationPlatforms) = postSolution
		{0405E4FE-BF58-4D65-9FB1-61AC8447A731}.Debug|Any CPU.ActiveCfg = Debug|Any CPU
		{0405E4FE-BF58-4D65-9FB1-61AC8447A731}.Debug|Any CPU.Build.0 = Debug|Any CPU
		{0405E4FE-BF58-4D65-9FB1-61AC8447A731}.Release|Any CPU.ActiveCfg = Release|Any CPU
		{0405E4FE-BF58-4D65-9FB1-61AC8447A731}.Release|Any CPU.Build.0 = Release|Any CPU
		{C5FF073E-545B-4B94-8B1B-59EE0531EA3E}.Debug|Any CPU.ActiveCfg = Debug|Any CPU
		{C5FF073E-545B-4B94-8B1B-59EE0531EA3E}.Debug|Any CPU.Build.0 = Debug|Any CPU
		{C5FF073E-545B-4B94-8B1B-59EE0531EA3E}.Release|Any CPU.ActiveCfg = Release|Any CPU
		{C5FF073E-545B-4B94-8B1B-59EE0531EA3E}.Release|Any CPU.Build.0 = Release|Any CPU
		{18C379BF-1C6B-44C0-ACDF-691234CF13EC}.Debug|Any CPU.ActiveCfg = Debug|Any CPU
		{18C379BF-1C6B-44C0-ACDF-691234CF13EC}.Debug|Any CPU.Build.0 = Debug|Any CPU
		{18C379BF-1C6B-44C0-ACDF-691234CF13EC}.Release|Any CPU.ActiveCfg = Release|Any CPU
		{18C379BF-1C6B-44C0-ACDF-691234CF13EC}.Release|Any CPU.Build.0 = Release|Any CPU
		{D869459D-5041-4984-9D5D-BDB92D0E6A98}.Debug|Any CPU.ActiveCfg = Debug|Any CPU
		{D869459D-5041-4984-9D5D-BDB92D0E6A98}.Debug|Any CPU.Build.0 = Debug|Any CPU
		{D869459D-5041-4984-9D5D-BDB92D0E6A98}.Release|Any CPU.ActiveCfg = Release|Any CPU
		{D869459D-5041-4984-9D5D-BDB92D0E6A98}.Release|Any CPU.Build.0 = Release|Any CPU
		{BC9F7313-8777-4986-88AD-F4B8486BEF46}.Debug|Any CPU.ActiveCfg = Debug|Any CPU
		{BC9F7313-8777-4986-88AD-F4B8486BEF46}.Debug|Any CPU.Build.0 = Debug|Any CPU
		{BC9F7313-8777-4986-88AD-F4B8486BEF46}.Release|Any CPU.ActiveCfg = Release|Any CPU
		{BC9F7313-8777-4986-88AD-F4B8486BEF46}.Release|Any CPU.Build.0 = Release|Any CPU
	EndGlobalSection
	GlobalSection(SolutionProperties) = preSolution
		HideSolutionNode = FALSE
	EndGlobalSection
	GlobalSection(ExtensibilityGlobals) = postSolution
		SolutionGuid = {9144B51D-BDCE-47D0-B55B-C2F03CE32D8D}
	EndGlobalSection
EndGlobal
