
Microsoft Visual Studio Solution File, Format Version 12.00
# Visual Studio Version 17
VisualStudioVersion = 17.4.33403.182
MinimumVisualStudioVersion = 10.0.40219.1
Project("{FAE04EC0-301F-11D3-BF4B-00C04F79EFBC}") = "Aspen.Example.Web", "Aspen.Example.Web\Aspen.Example.Web.csproj", "{0405E4FE-BF58-4D65-9FB1-61AC8447A731}"
EndProject
Global
	GlobalSection(SolutionConfigurationPlatforms) = preSolution
		Debug|Any CPU = Debug|Any CPU
		Release|Any CPU = Release|Any CPU
	EndGlobalSection
	GlobalSection(ProjectConfigurationPlatforms) = postSolution
		{0405E4FE-BF58-4D65-9FB1-61AC8447A731}.Debug|Any CPU.ActiveCfg = Debug|Any CPU
		{0405E4FE-BF58-4D65-9FB1-61AC8447A731}.Debug|Any CPU.Build.0 = Debug|Any CPU
		{0405E4FE-BF58-4D65-9FB1-61AC8447A731}.Release|Any CPU.ActiveCfg = Release|Any CPU
		{0405E4FE-BF58-4D65-9FB1-61AC8447A731}.Release|Any CPU.Build.0 = Release|Any CPU
	EndGlobalSection
	GlobalSection(SolutionProperties) = preSolution
		HideSolutionNode = FALSE
	EndGlobalSection
	GlobalSection(ExtensibilityGlobals) = postSolution
		SolutionGuid = {9144B51D-BDCE-47D0-B55B-C2F03CE32D8D}
	EndGlobalSection
EndGlobal
